
Microsoft Visual Studio Solution File, Format Version 12.00
# Visual Studio 2012
Project("{FAE04EC0-301F-11D3-BF4B-00C04F79EFBC}") = "EvaluationForm", "EvaluationForm\EvaluationForm.csproj", "{0575D2BC-156F-4871-9888-8D835D771AB8}"
EndProject
Project("{FAE04EC0-301F-11D3-BF4B-00C04F79EFBC}") = "EvaluationForm.Events", "EvaluationForm.Events\EvaluationForm.Events.csproj", "{6FDD8E49-2534-495C-B8FB-4B0249572821}"
EndProject
Project("{FAE04EC0-301F-11D3-BF4B-00C04F79EFBC}") = "Evaluation.Interface", "Evaluation.Interface\Evaluation.Interface.csproj", "{CA6C2FB7-95B8-48CF-9A4A-B434470E1CB1}"
EndProject
Global
	GlobalSection(SolutionConfigurationPlatforms) = preSolution
		Debug|Any CPU = Debug|Any CPU
		Release|Any CPU = Release|Any CPU
	EndGlobalSection
	GlobalSection(ProjectConfigurationPlatforms) = postSolution
		{0575D2BC-156F-4871-9888-8D835D771AB8}.Debug|Any CPU.ActiveCfg = Debug|Any CPU
		{0575D2BC-156F-4871-9888-8D835D771AB8}.Debug|Any CPU.Build.0 = Debug|Any CPU
		{0575D2BC-156F-4871-9888-8D835D771AB8}.Release|Any CPU.ActiveCfg = Release|Any CPU
		{0575D2BC-156F-4871-9888-8D835D771AB8}.Release|Any CPU.Build.0 = Release|Any CPU
		{6FDD8E49-2534-495C-B8FB-4B0249572821}.Debug|Any CPU.ActiveCfg = Debug|Any CPU
		{6FDD8E49-2534-495C-B8FB-4B0249572821}.Debug|Any CPU.Build.0 = Debug|Any CPU
		{6FDD8E49-2534-495C-B8FB-4B0249572821}.Release|Any CPU.ActiveCfg = Release|Any CPU
		{6FDD8E49-2534-495C-B8FB-4B0249572821}.Release|Any CPU.Build.0 = Release|Any CPU
		{CA6C2FB7-95B8-48CF-9A4A-B434470E1CB1}.Debug|Any CPU.ActiveCfg = Debug|Any CPU
		{CA6C2FB7-95B8-48CF-9A4A-B434470E1CB1}.Debug|Any CPU.Build.0 = Debug|Any CPU
		{CA6C2FB7-95B8-48CF-9A4A-B434470E1CB1}.Release|Any CPU.ActiveCfg = Release|Any CPU
		{CA6C2FB7-95B8-48CF-9A4A-B434470E1CB1}.Release|Any CPU.Build.0 = Release|Any CPU
	EndGlobalSection
	GlobalSection(SolutionProperties) = preSolution
		HideSolutionNode = FALSE
	EndGlobalSection
EndGlobal
